
Microsoft Visual Studio Solution File, Format Version 12.00
# Visual Studio Version 16
VisualStudioVersion = 16.0.30114.105
MinimumVisualStudioVersion = 10.0.40219.1
Project("{FAE04EC0-301F-11D3-BF4B-00C04F79EFBC}") = "SimpleAWSTest5.0API", "SimpleAWSTest5.0API\SimpleAWSTest5.0API.csproj", "{32AE1B23-450F-419F-BBBE-06B16A494191}"
EndProject
Project("{FAE04EC0-301F-11D3-BF4B-00C04F79EFBC}") = "SimpleAWSTest5.0Test", "SimpleAWSTest5.0Test\SimpleAWSTest5.0Test.csproj", "{17276921-B002-4893-8EE5-BDD82BBE87EB}"
EndProject
Global
	GlobalSection(SolutionConfigurationPlatforms) = preSolution
		Debug|Any CPU = Debug|Any CPU
		Release|Any CPU = Release|Any CPU
	EndGlobalSection
	GlobalSection(SolutionProperties) = preSolution
		HideSolutionNode = FALSE
	EndGlobalSection
	GlobalSection(ProjectConfigurationPlatforms) = postSolution
		{32AE1B23-450F-419F-BBBE-06B16A494191}.Debug|Any CPU.ActiveCfg = Debug|Any CPU
		{32AE1B23-450F-419F-BBBE-06B16A494191}.Debug|Any CPU.Build.0 = Debug|Any CPU
		{32AE1B23-450F-419F-BBBE-06B16A494191}.Release|Any CPU.ActiveCfg = Release|Any CPU
		{32AE1B23-450F-419F-BBBE-06B16A494191}.Release|Any CPU.Build.0 = Release|Any CPU
		{17276921-B002-4893-8EE5-BDD82BBE87EB}.Debug|Any CPU.ActiveCfg = Debug|Any CPU
		{17276921-B002-4893-8EE5-BDD82BBE87EB}.Debug|Any CPU.Build.0 = Debug|Any CPU
		{17276921-B002-4893-8EE5-BDD82BBE87EB}.Release|Any CPU.ActiveCfg = Release|Any CPU
		{17276921-B002-4893-8EE5-BDD82BBE87EB}.Release|Any CPU.Build.0 = Release|Any CPU
	EndGlobalSection
EndGlobal
